
Microsoft Visual Studio Solution File, Format Version 12.00
# Visual Studio Version 16
VisualStudioVersion = 16.0.31105.61
MinimumVisualStudioVersion = 10.0.40219.1
Project("{9A19103F-16F7-4668-BE54-9A1E7A4F7556}") = "Pixsper.OscDotNet", "src\Pixsper.OscDotNet\Pixsper.OscDotNet.csproj", "{EAD3D09D-9302-4F47-BBCA-D50FEAEFD1A9}"
EndProject
Project("{9A19103F-16F7-4668-BE54-9A1E7A4F7556}") = "Pixsper.OscDotNet.Tests", "tests\Pixsper.OscDotNet.Tests\Pixsper.OscDotNet.Tests.csproj", "{284F00F0-7375-40C5-AF4A-FE0BAA9B3BA7}"
EndProject
Global
	GlobalSection(SolutionConfigurationPlatforms) = preSolution
		Debug|Any CPU = Debug|Any CPU
		Release|Any CPU = Release|Any CPU
	EndGlobalSection
	GlobalSection(ProjectConfigurationPlatforms) = postSolution
		{EAD3D09D-9302-4F47-BBCA-D50FEAEFD1A9}.Debug|Any CPU.ActiveCfg = Debug|Any CPU
		{EAD3D09D-9302-4F47-BBCA-D50FEAEFD1A9}.Debug|Any CPU.Build.0 = Debug|Any CPU
		{EAD3D09D-9302-4F47-BBCA-D50FEAEFD1A9}.Release|Any CPU.ActiveCfg = Release|Any CPU
		{EAD3D09D-9302-4F47-BBCA-D50FEAEFD1A9}.Release|Any CPU.Build.0 = Release|Any CPU
		{284F00F0-7375-40C5-AF4A-FE0BAA9B3BA7}.Debug|Any CPU.ActiveCfg = Debug|Any CPU
		{284F00F0-7375-40C5-AF4A-FE0BAA9B3BA7}.Debug|Any CPU.Build.0 = Debug|Any CPU
		{284F00F0-7375-40C5-AF4A-FE0BAA9B3BA7}.Release|Any CPU.ActiveCfg = Release|Any CPU
		{284F00F0-7375-40C5-AF4A-FE0BAA9B3BA7}.Release|Any CPU.Build.0 = Release|Any CPU
	EndGlobalSection
	GlobalSection(SolutionProperties) = preSolution
		HideSolutionNode = FALSE
	EndGlobalSection
	GlobalSection(ExtensibilityGlobals) = postSolution
		SolutionGuid = {92E7D6AE-4FBE-4573-913E-976125DDFA7E}
	EndGlobalSection
EndGlobal
